
Microsoft Visual Studio Solution File, Format Version 12.00
# Visual Studio Version 16
VisualStudioVersion = 16.0.30413.136
MinimumVisualStudioVersion = 10.0.40219.1
Project("{FAE04EC0-301F-11D3-BF4B-00C04F79EFBC}") = "WebApplication2", "WebApplication2.csproj", "{4D232C05-956B-49F2-8D63-CC2AB59515CC}"
EndProject
Global
	GlobalSection(SolutionConfigurationPlatforms) = preSolution
		Debug|Any CPU = Debug|Any CPU
		Debug|x64 = Debug|x64
		Debug|x86 = Debug|x86
		Release|Any CPU = Release|Any CPU
		Release|x64 = Release|x64
		Release|x86 = Release|x86
	EndGlobalSection
	GlobalSection(ProjectConfigurationPlatforms) = postSolution
		{4D232C05-956B-49F2-8D63-CC2AB59515CC}.Debug|Any CPU.ActiveCfg = Debug|Any CPU
		{4D232C05-956B-49F2-8D63-CC2AB59515CC}.Debug|Any CPU.Build.0 = Debug|Any CPU
		{4D232C05-956B-49F2-8D63-CC2AB59515CC}.Debug|x64.ActiveCfg = Debug|x64
		{4D232C05-956B-49F2-8D63-CC2AB59515CC}.Debug|x64.Build.0 = Debug|x64
		{4D232C05-956B-49F2-8D63-CC2AB59515CC}.Debug|x86.ActiveCfg = Debug|Any CPU
		{4D232C05-956B-49F2-8D63-CC2AB59515CC}.Debug|x86.Build.0 = Debug|Any CPU
		{4D232C05-956B-49F2-8D63-CC2AB59515CC}.Release|Any CPU.ActiveCfg = Release|Any CPU
		{4D232C05-956B-49F2-8D63-CC2AB59515CC}.Release|Any CPU.Build.0 = Release|Any CPU
		{4D232C05-956B-49F2-8D63-CC2AB59515CC}.Release|x64.ActiveCfg = Release|x64
		{4D232C05-956B-49F2-8D63-CC2AB59515CC}.Release|x64.Build.0 = Release|x64
		{4D232C05-956B-49F2-8D63-CC2AB59515CC}.Release|x86.ActiveCfg = Release|x86
		{4D232C05-956B-49F2-8D63-CC2AB59515CC}.Release|x86.Build.0 = Release|x86
	EndGlobalSection
	GlobalSection(SolutionProperties) = preSolution
		HideSolutionNode = FALSE
	EndGlobalSection
	GlobalSection(ExtensibilityGlobals) = postSolution
		SolutionGuid = {486B1FC1-7D03-4C9F-BCAD-6B384D576934}
	EndGlobalSection
EndGlobal
